
Microsoft Visual Studio Solution File, Format Version 12.00
# Visual Studio Version 17
VisualStudioVersion = 17.7.34202.233
MinimumVisualStudioVersion = 10.0.40219.1
Project("{FAE04EC0-301F-11D3-BF4B-00C04F79EFBC}") = "Däckarn", "Däckarn\Däckarn.csproj", "{39A074F9-208D-49C3-9AA0-9E4A7C844F2C}"
EndProject
Project("{FAE04EC0-301F-11D3-BF4B-00C04F79EFBC}") = "DackarnAPI", "DackarnAPI\DackarnAPI.csproj", "{245D4098-27E7-4990-8863-B74DF2EBCBC5}"
EndProject
Global
	GlobalSection(SolutionConfigurationPlatforms) = preSolution
		Debug|Any CPU = Debug|Any CPU
		Release|Any CPU = Release|Any CPU
	EndGlobalSection
	GlobalSection(ProjectConfigurationPlatforms) = postSolution
		{39A074F9-208D-49C3-9AA0-9E4A7C844F2C}.Debug|Any CPU.ActiveCfg = Debug|Any CPU
		{39A074F9-208D-49C3-9AA0-9E4A7C844F2C}.Debug|Any CPU.Build.0 = Debug|Any CPU
		{39A074F9-208D-49C3-9AA0-9E4A7C844F2C}.Release|Any CPU.ActiveCfg = Release|Any CPU
		{39A074F9-208D-49C3-9AA0-9E4A7C844F2C}.Release|Any CPU.Build.0 = Release|Any CPU
		{245D4098-27E7-4990-8863-B74DF2EBCBC5}.Debug|Any CPU.ActiveCfg = Debug|Any CPU
		{245D4098-27E7-4990-8863-B74DF2EBCBC5}.Debug|Any CPU.Build.0 = Debug|Any CPU
		{245D4098-27E7-4990-8863-B74DF2EBCBC5}.Release|Any CPU.ActiveCfg = Release|Any CPU
		{245D4098-27E7-4990-8863-B74DF2EBCBC5}.Release|Any CPU.Build.0 = Release|Any CPU
	EndGlobalSection
	GlobalSection(SolutionProperties) = preSolution
		HideSolutionNode = FALSE
	EndGlobalSection
	GlobalSection(ExtensibilityGlobals) = postSolution
		SolutionGuid = {AAE2A67F-A0DC-4392-A5F5-04DD75370673}
	EndGlobalSection
EndGlobal
